
Microsoft Visual Studio Solution File, Format Version 12.00
# Visual Studio Version 17
VisualStudioVersion = 17.14.36310.24 d17.14
MinimumVisualStudioVersion = 10.0.40219.1
Project("{FAE04EC0-301F-11D3-BF4B-00C04F79EFBC}") = "6.CondicioalMultipleTerciario", "6.CondicioalMultipleTerciario\6.CondicioalMultipleTerciario.csproj", "{AA53D1BD-BEB9-48B4-BE19-7A4B69C3C090}"
EndProject
Global
	GlobalSection(SolutionConfigurationPlatforms) = preSolution
		Debug|Any CPU = Debug|Any CPU
		Release|Any CPU = Release|Any CPU
	EndGlobalSection
	GlobalSection(ProjectConfigurationPlatforms) = postSolution
		{AA53D1BD-BEB9-48B4-BE19-7A4B69C3C090}.Debug|Any CPU.ActiveCfg = Debug|Any CPU
		{AA53D1BD-BEB9-48B4-BE19-7A4B69C3C090}.Debug|Any CPU.Build.0 = Debug|Any CPU
		{AA53D1BD-BEB9-48B4-BE19-7A4B69C3C090}.Release|Any CPU.ActiveCfg = Release|Any CPU
		{AA53D1BD-BEB9-48B4-BE19-7A4B69C3C090}.Release|Any CPU.Build.0 = Release|Any CPU
	EndGlobalSection
	GlobalSection(SolutionProperties) = preSolution
		HideSolutionNode = FALSE
	EndGlobalSection
	GlobalSection(ExtensibilityGlobals) = postSolution
		SolutionGuid = {14048C38-2EE2-4FD5-B327-F6DC187ADB23}
	EndGlobalSection
EndGlobal
